
Microsoft Visual Studio Solution File, Format Version 12.00
# Visual Studio Version 16
VisualStudioVersion = 16.0.32126.315
MinimumVisualStudioVersion = 10.0.40219.1
Project("{FAE04EC0-301F-11D3-BF4B-00C04F79EFBC}") = "CommonSnappableTypes", "CommonSnappableTypes\CommonSnappableTypes.csproj", "{0169E4AE-5551-4EDF-882C-74C29BD7CC13}"
EndProject
Project("{FAE04EC0-301F-11D3-BF4B-00C04F79EFBC}") = "CSharpSnapIn", "CSharpSnapIn\CSharpSnapIn.csproj", "{B797181E-9E22-4036-B215-2438C8DE4E8F}"
EndProject
Project("{F184B08F-C81C-45F6-A57F-5ABD9991F28F}") = "VbSnapIn", "VbSnapIn\VbSnapIn.vbproj", "{6C4D5909-2067-4F97-BC4F-8E237136224B}"
EndProject
Project("{FAE04EC0-301F-11D3-BF4B-00C04F79EFBC}") = "MyExtendableApp", "MyExtendableApp\MyExtendableApp.csproj", "{A60B9024-56F4-48D7-AF68-5279CD74CB06}"
	ProjectSection(ProjectDependencies) = postProject
		{6C4D5909-2067-4F97-BC4F-8E237136224B} = {6C4D5909-2067-4F97-BC4F-8E237136224B}
		{B797181E-9E22-4036-B215-2438C8DE4E8F} = {B797181E-9E22-4036-B215-2438C8DE4E8F}
	EndProjectSection
EndProject
Global
	GlobalSection(SolutionConfigurationPlatforms) = preSolution
		Debug|Any CPU = Debug|Any CPU
		Release|Any CPU = Release|Any CPU
	EndGlobalSection
	GlobalSection(ProjectConfigurationPlatforms) = postSolution
		{0169E4AE-5551-4EDF-882C-74C29BD7CC13}.Debug|Any CPU.ActiveCfg = Debug|Any CPU
		{0169E4AE-5551-4EDF-882C-74C29BD7CC13}.Debug|Any CPU.Build.0 = Debug|Any CPU
		{0169E4AE-5551-4EDF-882C-74C29BD7CC13}.Release|Any CPU.ActiveCfg = Release|Any CPU
		{0169E4AE-5551-4EDF-882C-74C29BD7CC13}.Release|Any CPU.Build.0 = Release|Any CPU
		{B797181E-9E22-4036-B215-2438C8DE4E8F}.Debug|Any CPU.ActiveCfg = Debug|Any CPU
		{B797181E-9E22-4036-B215-2438C8DE4E8F}.Debug|Any CPU.Build.0 = Debug|Any CPU
		{B797181E-9E22-4036-B215-2438C8DE4E8F}.Release|Any CPU.ActiveCfg = Release|Any CPU
		{B797181E-9E22-4036-B215-2438C8DE4E8F}.Release|Any CPU.Build.0 = Release|Any CPU
		{6C4D5909-2067-4F97-BC4F-8E237136224B}.Debug|Any CPU.ActiveCfg = Debug|Any CPU
		{6C4D5909-2067-4F97-BC4F-8E237136224B}.Debug|Any CPU.Build.0 = Debug|Any CPU
		{6C4D5909-2067-4F97-BC4F-8E237136224B}.Release|Any CPU.ActiveCfg = Release|Any CPU
		{6C4D5909-2067-4F97-BC4F-8E237136224B}.Release|Any CPU.Build.0 = Release|Any CPU
		{A60B9024-56F4-48D7-AF68-5279CD74CB06}.Debug|Any CPU.ActiveCfg = Debug|Any CPU
		{A60B9024-56F4-48D7-AF68-5279CD74CB06}.Debug|Any CPU.Build.0 = Debug|Any CPU
		{A60B9024-56F4-48D7-AF68-5279CD74CB06}.Release|Any CPU.ActiveCfg = Release|Any CPU
		{A60B9024-56F4-48D7-AF68-5279CD74CB06}.Release|Any CPU.Build.0 = Release|Any CPU
	EndGlobalSection
	GlobalSection(SolutionProperties) = preSolution
		HideSolutionNode = FALSE
	EndGlobalSection
	GlobalSection(ExtensibilityGlobals) = postSolution
		SolutionGuid = {0C4BDB6B-2A2E-4242-A2FB-1956CE6D0E1F}
	EndGlobalSection
EndGlobal
